// !$*UTF8*$!
{
	archiveVersion = 1;
	classes = {
	};
	objectVersion = 46;
	objects = {

/* Begin PBXBuildFile section */
		76F3219D1EE8F9C400B6B373 /* AppDelegate.swift in Sources */ = {isa = PBXBuildFile; fileRef = 76F3219C1EE8F9C400B6B373 /* AppDelegate.swift */; };
		76F3219F1EE8F9C400B6B373 /* SignInVC.swift in Sources */ = {isa = PBXBuildFile; fileRef = 76F3219E1EE8F9C400B6B373 /* SignInVC.swift */; };
		76F321A21EE8F9C400B6B373 /* Main.storyboard in Resources */ = {isa = PBXBuildFile; fileRef = 76F321A01EE8F9C400B6B373 /* Main.storyboard */; };
		76F321A41EE8F9C400B6B373 /* Assets.xcassets in Resources */ = {isa = PBXBuildFile; fileRef = 76F321A31EE8F9C400B6B373 /* Assets.xcassets */; };
		76F321A71EE8F9C400B6B373 /* LaunchScreen.storyboard in Resources */ = {isa = PBXBuildFile; fileRef = 76F321A51EE8F9C400B6B373 /* LaunchScreen.storyboard */; };
		76F321B41EE9BCD200B6B373 /* FancyView.swift in Sources */ = {isa = PBXBuildFile; fileRef = 76F321B31EE9BCD200B6B373 /* FancyView.swift */; };
		76F321B71EE9BD5C00B6B373 /* Constants.swift in Sources */ = {isa = PBXBuildFile; fileRef = 76F321B61EE9BD5C00B6B373 /* Constants.swift */; };
		76F321B91EE9BF0400B6B373 /* RoundButton.swift in Sources */ = {isa = PBXBuildFile; fileRef = 76F321B81EE9BF0400B6B373 /* RoundButton.swift */; };
		76F321BB1EE9C08100B6B373 /* FancyField.swift in Sources */ = {isa = PBXBuildFile; fileRef = 76F321BA1EE9C08100B6B373 /* FancyField.swift */; };
		76F321BD1EE9C1AC00B6B373 /* FancyButton.swift in Sources */ = {isa = PBXBuildFile; fileRef = 76F321BC1EE9C1AC00B6B373 /* FancyButton.swift */; };
		76F88D831EEA54C000FB7DDB /* GoogleService-Info.plist in Resources */ = {isa = PBXBuildFile; fileRef = 76F88D821EEA54C000FB7DDB /* GoogleService-Info.plist */; };
		A149C28863D7AC0FA9CD51A7 /* Pods_DSSocialNetwork.framework in Frameworks */ = {isa = PBXBuildFile; fileRef = 3ADAE00EEFF38E9DB90E0324 /* Pods_DSSocialNetwork.framework */; };
/* End PBXBuildFile section */

/* Begin PBXFileReference section */
		3912FFB7F8B538EC200ACDED /* Pods-DSSocialNetwork.debug.xcconfig */ = {isa = PBXFileReference; includeInIndex = 1; lastKnownFileType = text.xcconfig; name = "Pods-DSSocialNetwork.debug.xcconfig"; path = "Pods/Target Support Files/Pods-DSSocialNetwork/Pods-DSSocialNetwork.debug.xcconfig"; sourceTree = "<group>"; };
		3ADAE00EEFF38E9DB90E0324 /* Pods_DSSocialNetwork.framework */ = {isa = PBXFileReference; explicitFileType = wrapper.framework; includeInIndex = 0; path = Pods_DSSocialNetwork.framework; sourceTree = BUILT_PRODUCTS_DIR; };
		76F321991EE8F9C400B6B373 /* DSSocialNetwork.app */ = {isa = PBXFileReference; explicitFileType = wrapper.application; includeInIndex = 0; path = DSSocialNetwork.app; sourceTree = BUILT_PRODUCTS_DIR; };
		76F3219C1EE8F9C400B6B373 /* AppDelegate.swift */ = {isa = PBXFileReference; lastKnownFileType = sourcecode.swift; path = AppDelegate.swift; sourceTree = "<group>"; };
		76F3219E1EE8F9C400B6B373 /* SignInVC.swift */ = {isa = PBXFileReference; lastKnownFileType = sourcecode.swift; path = SignInVC.swift; sourceTree = "<group>"; };
		76F321A11EE8F9C400B6B373 /* Base */ = {isa = PBXFileReference; lastKnownFileType = file.storyboard; name = Base; path = Base.lproj/Main.storyboard; sourceTree = "<group>"; };
		76F321A31EE8F9C400B6B373 /* Assets.xcassets */ = {isa = PBXFileReference; lastKnownFileType = folder.assetcatalog; path = Assets.xcassets; sourceTree = "<group>"; };
		76F321A61EE8F9C400B6B373 /* Base */ = {isa = PBXFileReference; lastKnownFileType = file.storyboard; name = Base; path = Base.lproj/LaunchScreen.storyboard; sourceTree = "<group>"; };
		76F321A81EE8F9C400B6B373 /* Info.plist */ = {isa = PBXFileReference; lastKnownFileType = text.plist.xml; path = Info.plist; sourceTree = "<group>"; };
		76F321B31EE9BCD200B6B373 /* FancyView.swift */ = {isa = PBXFileReference; fileEncoding = 4; lastKnownFileType = sourcecode.swift; path = FancyView.swift; sourceTree = "<group>"; };
		76F321B61EE9BD5C00B6B373 /* Constants.swift */ = {isa = PBXFileReference; fileEncoding = 4; lastKnownFileType = sourcecode.swift; path = Constants.swift; sourceTree = "<group>"; };
		76F321B81EE9BF0400B6B373 /* RoundButton.swift */ = {isa = PBXFileReference; fileEncoding = 4; lastKnownFileType = sourcecode.swift; path = RoundButton.swift; sourceTree = "<group>"; };
		76F321BA1EE9C08100B6B373 /* FancyField.swift */ = {isa = PBXFileReference; fileEncoding = 4; lastKnownFileType = sourcecode.swift; path = FancyField.swift; sourceTree = "<group>"; };
		76F321BC1EE9C1AC00B6B373 /* FancyButton.swift */ = {isa = PBXFileReference; fileEncoding = 4; lastKnownFileType = sourcecode.swift; path = FancyButton.swift; sourceTree = "<group>"; };
		76F88D811EEA525F00FB7DDB /* DSSocialNetwork.entitlements */ = {isa = PBXFileReference; lastKnownFileType = text.plist.entitlements; path = DSSocialNetwork.entitlements; sourceTree = "<group>"; };
		76F88D821EEA54C000FB7DDB /* GoogleService-Info.plist */ = {isa = PBXFileReference; fileEncoding = 4; lastKnownFileType = text.plist.xml; path = "GoogleService-Info.plist"; sourceTree = "<group>"; };
		EB1FCF72B56225F6E9524173 /* Pods-DSSocialNetwork.release.xcconfig */ = {isa = PBXFileReference; includeInIndex = 1; lastKnownFileType = text.xcconfig; name = "Pods-DSSocialNetwork.release.xcconfig"; path = "Pods/Target Support Files/Pods-DSSocialNetwork/Pods-DSSocialNetwork.release.xcconfig"; sourceTree = "<group>"; };
/* End PBXFileReference section */

/* Begin PBXFrameworksBuildPhase section */
		76F321961EE8F9C400B6B373 /* Frameworks */ = {
			isa = PBXFrameworksBuildPhase;
			buildActionMask = 2147483647;
			files = (
				A149C28863D7AC0FA9CD51A7 /* Pods_DSSocialNetwork.framework in Frameworks */,
			);
			runOnlyForDeploymentPostprocessing = 0;
		};
/* End PBXFrameworksBuildPhase section */

/* Begin PBXGroup section */
		2F7254E99FAA54C853EEF5DD /* Frameworks */ = {
			isa = PBXGroup;
			children = (
				3ADAE00EEFF38E9DB90E0324 /* Pods_DSSocialNetwork.framework */,
			);
			name = Frameworks;
			sourceTree = "<group>";
		};
		3C7CEF2ECE3845AAF1EF7B9E /* Pods */ = {
			isa = PBXGroup;
			children = (
				3912FFB7F8B538EC200ACDED /* Pods-DSSocialNetwork.debug.xcconfig */,
				EB1FCF72B56225F6E9524173 /* Pods-DSSocialNetwork.release.xcconfig */,
			);
			name = Pods;
			sourceTree = "<group>";
		};
		76F321901EE8F9C400B6B373 = {
			isa = PBXGroup;
			children = (
				76F3219B1EE8F9C400B6B373 /* DSSocialNetwork */,
				76F3219A1EE8F9C400B6B373 /* Products */,
				3C7CEF2ECE3845AAF1EF7B9E /* Pods */,
				2F7254E99FAA54C853EEF5DD /* Frameworks */,
			);
			sourceTree = "<group>";
		};
		76F3219A1EE8F9C400B6B373 /* Products */ = {
			isa = PBXGroup;
			children = (
				76F321991EE8F9C400B6B373 /* DSSocialNetwork.app */,
			);
			name = Products;
			sourceTree = "<group>";
		};
		76F3219B1EE8F9C400B6B373 /* DSSocialNetwork */ = {
			isa = PBXGroup;
			children = (
				76F88D811EEA525F00FB7DDB /* DSSocialNetwork.entitlements */,
				76F321B51EE9BD4E00B6B373 /* Util */,
				76F321B01EE8FC9300B6B373 /* Model */,
				76F321B11EE8FC9800B6B373 /* View */,
				76F321B21EE8FC9D00B6B373 /* Controller */,
				76F3219C1EE8F9C400B6B373 /* AppDelegate.swift */,
				76F321A01EE8F9C400B6B373 /* Main.storyboard */,
				76F321A31EE8F9C400B6B373 /* Assets.xcassets */,
				76F321A51EE8F9C400B6B373 /* LaunchScreen.storyboard */,
				76F321A81EE8F9C400B6B373 /* Info.plist */,
				76F88D821EEA54C000FB7DDB /* GoogleService-Info.plist */,
			);
			path = DSSocialNetwork;
			sourceTree = "<group>";
		};
		76F321B01EE8FC9300B6B373 /* Model */ = {
			isa = PBXGroup;
			children = (
			);
			name = Model;
			sourceTree = "<group>";
		};
		76F321B11EE8FC9800B6B373 /* View */ = {
			isa = PBXGroup;
			children = (
				76F321B31EE9BCD200B6B373 /* FancyView.swift */,
				76F321B81EE9BF0400B6B373 /* RoundButton.swift */,
				76F321BA1EE9C08100B6B373 /* FancyField.swift */,
				76F321BC1EE9C1AC00B6B373 /* FancyButton.swift */,
			);
			name = View;
			sourceTree = "<group>";
		};
		76F321B21EE8FC9D00B6B373 /* Controller */ = {
			isa = PBXGroup;
			children = (
				76F3219E1EE8F9C400B6B373 /* SignInVC.swift */,
			);
			name = Controller;
			sourceTree = "<group>";
		};
		76F321B51EE9BD4E00B6B373 /* Util */ = {
			isa = PBXGroup;
			children = (
				76F321B61EE9BD5C00B6B373 /* Constants.swift */,
			);
			name = Util;
			sourceTree = "<group>";
		};
/* End PBXGroup section */

/* Begin PBXNativeTarget section */
		76F321981EE8F9C400B6B373 /* DSSocialNetwork */ = {
			isa = PBXNativeTarget;
			buildConfigurationList = 76F321AB1EE8F9C400B6B373 /* Build configuration list for PBXNativeTarget "DSSocialNetwork" */;
			buildPhases = (
				892D2A41AFD010C48948BF33 /* [CP] Check Pods Manifest.lock */,
				76F321951EE8F9C400B6B373 /* Sources */,
				76F321961EE8F9C400B6B373 /* Frameworks */,
				76F321971EE8F9C400B6B373 /* Resources */,
				82D694BD141FDF3C363CCED1 /* [CP] Embed Pods Frameworks */,
				DB2EEC0D20E2B794DFBDEFC8 /* [CP] Copy Pods Resources */,
			);
			buildRules = (
			);
			dependencies = (
			);
			name = DSSocialNetwork;
			productName = DSSocialNetwork;
			productReference = 76F321991EE8F9C400B6B373 /* DSSocialNetwork.app */;
			productType = "com.apple.product-type.application";
		};
/* End PBXNativeTarget section */

/* Begin PBXProject section */
		76F321911EE8F9C400B6B373 /* Project object */ = {
			isa = PBXProject;
			attributes = {
				LastSwiftUpdateCheck = 0830;
				LastUpgradeCheck = 0830;
				ORGANIZATIONNAME = "Zack Falgout";
				TargetAttributes = {
					76F321981EE8F9C400B6B373 = {
						CreatedOnToolsVersion = 8.3.2;
						DevelopmentTeam = 7J8EZLC25K;
						ProvisioningStyle = Automatic;
						SystemCapabilities = {
							com.apple.Keychain = {
								enabled = 1;
							};
						};
					};
				};
			};
			buildConfigurationList = 76F321941EE8F9C400B6B373 /* Build configuration list for PBXProject "DSSocialNetwork" */;
			compatibilityVersion = "Xcode 3.2";
			developmentRegion = English;
			hasScannedForEncodings = 0;
			knownRegions = (
				en,
				Base,
			);
			mainGroup = 76F321901EE8F9C400B6B373;
			productRefGroup = 76F3219A1EE8F9C400B6B373 /* Products */;
			projectDirPath = "";
			projectRoot = "";
			targets = (
				76F321981EE8F9C400B6B373 /* DSSocialNetwork */,
			);
		};
/* End PBXProject section */

/* Begin PBXResourcesBuildPhase section */
		76F321971EE8F9C400B6B373 /* Resources */ = {
			isa = PBXResourcesBuildPhase;
			buildActionMask = 2147483647;
			files = (
				76F321A71EE8F9C400B6B373 /* LaunchScreen.storyboard in Resources */,
				76F88D831EEA54C000FB7DDB /* GoogleService-Info.plist in Resources */,
				76F321A41EE8F9C400B6B373 /* Assets.xcassets in Resources */,
				76F321A21EE8F9C400B6B373 /* Main.storyboard in Resources */,
			);
			runOnlyForDeploymentPostprocessing = 0;
		};
/* End PBXResourcesBuildPhase section */

/* Begin PBXShellScriptBuildPhase section */
		82D694BD141FDF3C363CCED1 /* [CP] Embed Pods Frameworks */ = {
			isa = PBXShellScriptBuildPhase;
			buildActionMask = 2147483647;
			files = (
			);
			inputPaths = (
			);
			name = "[CP] Embed Pods Frameworks";
			outputPaths = (
			);
			runOnlyForDeploymentPostprocessing = 0;
			shellPath = /bin/sh;
			shellScript = "\"${SRCROOT}/Pods/Target Support Files/Pods-DSSocialNetwork/Pods-DSSocialNetwork-frameworks.sh\"\n";
			showEnvVarsInLog = 0;
		};
		892D2A41AFD010C48948BF33 /* [CP] Check Pods Manifest.lock */ = {
			isa = PBXShellScriptBuildPhase;
			buildActionMask = 2147483647;
			files = (
			);
			inputPaths = (
			);
			name = "[CP] Check Pods Manifest.lock";
			outputPaths = (
			);
			runOnlyForDeploymentPostprocessing = 0;
			shellPath = /bin/sh;
			shellScript = "diff \"${PODS_PODFILE_DIR_PATH}/Podfile.lock\" \"${PODS_ROOT}/Manifest.lock\" > /dev/null\nif [ $? != 0 ] ; then\n    # print error to STDERR\n    echo \"error: The sandbox is not in sync with the Podfile.lock. Run 'pod install' or update your CocoaPods installation.\" >&2\n    exit 1\nfi\n";
			showEnvVarsInLog = 0;
		};
		DB2EEC0D20E2B794DFBDEFC8 /* [CP] Copy Pods Resources */ = {
			isa = PBXShellScriptBuildPhase;
			buildActionMask = 2147483647;
			files = (
			);
			inputPaths = (
			);
			name = "[CP] Copy Pods Resources";
			outputPaths = (
			);
			runOnlyForDeploymentPostprocessing = 0;
			shellPath = /bin/sh;
			shellScript = "\"${SRCROOT}/Pods/Target Support Files/Pods-DSSocialNetwork/Pods-DSSocialNetwork-resources.sh\"\n";
			showEnvVarsInLog = 0;
		};
/* End PBXShellScriptBuildPhase section */

/* Begin PBXSourcesBuildPhase section */
		76F321951EE8F9C400B6B373 /* Sources */ = {
			isa = PBXSourcesBuildPhase;
			buildActionMask = 2147483647;
			files = (
				76F321BB1EE9C08100B6B373 /* FancyField.swift in Sources */,
				76F3219F1EE8F9C400B6B373 /* SignInVC.swift in Sources */,
				76F321B91EE9BF0400B6B373 /* RoundButton.swift in Sources */,
				76F321BD1EE9C1AC00B6B373 /* FancyButton.swift in Sources */,
				76F3219D1EE8F9C400B6B373 /* AppDelegate.swift in Sources */,
				76F321B41EE9BCD200B6B373 /* FancyView.swift in Sources */,
				76F321B71EE9BD5C00B6B373 /* Constants.swift in Sources */,
			);
			runOnlyForDeploymentPostprocessing = 0;
		};
/* End PBXSourcesBuildPhase section */

/* Begin PBXVariantGroup section */
		76F321A01EE8F9C400B6B373 /* Main.storyboard */ = {
			isa = PBXVariantGroup;
			children = (
				76F321A11EE8F9C400B6B373 /* Base */,
			);
			name = Main.storyboard;
			sourceTree = "<group>";
		};
		76F321A51EE8F9C400B6B373 /* LaunchScreen.storyboard */ = {
			isa = PBXVariantGroup;
			children = (
				76F321A61EE8F9C400B6B373 /* Base */,
			);
			name = LaunchScreen.storyboard;
			sourceTree = "<group>";
		};
/* End PBXVariantGroup section */

/* Begin XCBuildConfiguration section */
		76F321A91EE8F9C400B6B373 /* Debug */ = {
			isa = XCBuildConfiguration;
			buildSettings = {
				ALWAYS_SEARCH_USER_PATHS = NO;
				CLANG_ANALYZER_NONNULL = YES;
				CLANG_ANALYZER_NUMBER_OBJECT_CONVERSION = YES_AGGRESSIVE;
				CLANG_CXX_LANGUAGE_STANDARD = "gnu++0x";
				CLANG_CXX_LIBRARY = "libc++";
				CLANG_ENABLE_MODULES = YES;
				CLANG_ENABLE_OBJC_ARC = YES;
				CLANG_WARN_BOOL_CONVERSION = YES;
				CLANG_WARN_CONSTANT_CONVERSION = YES;
				CLANG_WARN_DIRECT_OBJC_ISA_USAGE = YES_ERROR;
				CLANG_WARN_DOCUMENTATION_COMMENTS = YES;
				CLANG_WARN_EMPTY_BODY = YES;
				CLANG_WARN_ENUM_CONVERSION = YES;
				CLANG_WARN_INFINITE_RECURSION = YES;
				CLANG_WARN_INT_CONVERSION = YES;
				CLANG_WARN_OBJC_ROOT_CLASS = YES_ERROR;
				CLANG_WARN_SUSPICIOUS_MOVE = YES;
				CLANG_WARN_UNREACHABLE_CODE = YES;
				CLANG_WARN__DUPLICATE_METHOD_MATCH = YES;
				"CODE_SIGN_IDENTITY[sdk=iphoneos*]" = "iPhone Developer";
				COPY_PHASE_STRIP = NO;
				DEBUG_INFORMATION_FORMAT = dwarf;
				ENABLE_STRICT_OBJC_MSGSEND = YES;
				ENABLE_TESTABILITY = YES;
				GCC_C_LANGUAGE_STANDARD = gnu99;
				GCC_DYNAMIC_NO_PIC = NO;
				GCC_NO_COMMON_BLOCKS = YES;
				GCC_OPTIMIZATION_LEVEL = 0;
				GCC_PREPROCESSOR_DEFINITIONS = (
					"DEBUG=1",
					"$(inherited)",
				);
				GCC_WARN_64_TO_32_BIT_CONVERSION = YES;
				GCC_WARN_ABOUT_RETURN_TYPE = YES_ERROR;
				GCC_WARN_UNDECLARED_SELECTOR = YES;
				GCC_WARN_UNINITIALIZED_AUTOS = YES_AGGRESSIVE;
				GCC_WARN_UNUSED_FUNCTION = YES;
				GCC_WARN_UNUSED_VARIABLE = YES;
				IPHONEOS_DEPLOYMENT_TARGET = 10.3;
				MTL_ENABLE_DEBUG_INFO = YES;
				ONLY_ACTIVE_ARCH = YES;
				SDKROOT = iphoneos;
				SWIFT_ACTIVE_COMPILATION_CONDITIONS = DEBUG;
				SWIFT_OPTIMIZATION_LEVEL = "-Onone";
				TARGETED_DEVICE_FAMILY = "1,2";
			};
			name = Debug;
		};
		76F321AA1EE8F9C400B6B373 /* Release */ = {
			isa = XCBuildConfiguration;
			buildSettings = {
				ALWAYS_SEARCH_USER_PATHS = NO;
				CLANG_ANALYZER_NONNULL = YES;
				CLANG_ANALYZER_NUMBER_OBJECT_CONVERSION = YES_AGGRESSIVE;
				CLANG_CXX_LANGUAGE_STANDARD = "gnu++0x";
				CLANG_CXX_LIBRARY = "libc++";
				CLANG_ENABLE_MODULES = YES;
				CLANG_ENABLE_OBJC_ARC = YES;
				CLANG_WARN_BOOL_CONVERSION = YES;
				CLANG_WARN_CONSTANT_CONVERSION = YES;
				CLANG_WARN_DIRECT_OBJC_ISA_USAGE = YES_ERROR;
				CLANG_WARN_DOCUMENTATION_COMMENTS = YES;
				CLANG_WARN_EMPTY_BODY = YES;
				CLANG_WARN_ENUM_CONVERSION = YES;
				CLANG_WARN_INFINITE_RECURSION = YES;
				CLANG_WARN_INT_CONVERSION = YES;
				CLANG_WARN_OBJC_ROOT_CLASS = YES_ERROR;
				CLANG_WARN_SUSPICIOUS_MOVE = YES;
				CLANG_WARN_UNREACHABLE_CODE = YES;
				CLANG_WARN__DUPLICATE_METHOD_MATCH = YES;
				"CODE_SIGN_IDENTITY[sdk=iphoneos*]" = "iPhone Developer";
				COPY_PHASE_STRIP = NO;
				DEBUG_INFORMATION_FORMAT = "dwarf-with-dsym";
				ENABLE_NS_ASSERTIONS = NO;
				ENABLE_STRICT_OBJC_MSGSEND = YES;
				GCC_C_LANGUAGE_STANDARD = gnu99;
				GCC_NO_COMMON_BLOCKS = YES;
				GCC_WARN_64_TO_32_BIT_CONVERSION = YES;
				GCC_WARN_ABOUT_RETURN_TYPE = YES_ERROR;
				GCC_WARN_UNDECLARED_SELECTOR = YES;
				GCC_WARN_UNINITIALIZED_AUTOS = YES_AGGRESSIVE;
				GCC_WARN_UNUSED_FUNCTION = YES;
				GCC_WARN_UNUSED_VARIABLE = YES;
				IPHONEOS_DEPLOYMENT_TARGET = 10.3;
				MTL_ENABLE_DEBUG_INFO = NO;
				SDKROOT = iphoneos;
				SWIFT_OPTIMIZATION_LEVEL = "-Owholemodule";
				TARGETED_DEVICE_FAMILY = "1,2";
				VALIDATE_PRODUCT = YES;
			};
			name = Release;
		};
		76F321AC1EE8F9C400B6B373 /* Debug */ = {
			isa = XCBuildConfiguration;
			baseConfigurationReference = 3912FFB7F8B538EC200ACDED /* Pods-DSSocialNetwork.debug.xcconfig */;
			buildSettings = {
				ASSETCATALOG_COMPILER_APPICON_NAME = AppIcon;
				CODE_SIGN_ENTITLEMENTS = DSSocialNetwork/DSSocialNetwork.entitlements;
				DEVELOPMENT_TEAM = 7J8EZLC25K;
				INFOPLIST_FILE = DSSocialNetwork/Info.plist;
				LD_RUNPATH_SEARCH_PATHS = "$(inherited) @executable_path/Frameworks";
				PRODUCT_BUNDLE_IDENTIFIER = com.cyberpenguin.DSSocialNetwork;
				PRODUCT_NAME = "$(TARGET_NAME)";
				SWIFT_VERSION = 3.0;
			};
			name = Debug;
		};
		76F321AD1EE8F9C400B6B373 /* Release */ = {
			isa = XCBuildConfiguration;
			baseConfigurationReference = EB1FCF72B56225F6E9524173 /* Pods-DSSocialNetwork.release.xcconfig */;
			buildSettings = {
				ASSETCATALOG_COMPILER_APPICON_NAME = AppIcon;
				CODE_SIGN_ENTITLEMENTS = DSSocialNetwork/DSSocialNetwork.entitlements;
				DEVELOPMENT_TEAM = 7J8EZLC25K;
				INFOPLIST_FILE = DSSocialNetwork/Info.plist;
				LD_RUNPATH_SEARCH_PATHS = "$(inherited) @executable_path/Frameworks";
				PRODUCT_BUNDLE_IDENTIFIER = com.cyberpenguin.DSSocialNetwork;
				PRODUCT_NAME = "$(TARGET_NAME)";
				SWIFT_VERSION = 3.0;
			};
			name = Release;
		};
/* End XCBuildConfiguration section */

/* Begin XCConfigurationList section */
		76F321941EE8F9C400B6B373 /* Build configuration list for PBXProject "DSSocialNetwork" */ = {
			isa = XCConfigurationList;
			buildConfigurations = (
				76F321A91EE8F9C400B6B373 /* Debug */,
				76F321AA1EE8F9C400B6B373 /* Release */,
			);
			defaultConfigurationIsVisible = 0;
			defaultConfigurationName = Release;
		};
		76F321AB1EE8F9C400B6B373 /* Build configuration list for PBXNativeTarget "DSSocialNetwork" */ = {
			isa = XCConfigurationList;
			buildConfigurations = (
				76F321AC1EE8F9C400B6B373 /* Debug */,
				76F321AD1EE8F9C400B6B373 /* Release */,
			);
			defaultConfigurationIsVisible = 0;
			defaultConfigurationName = Release;
		};
/* End XCConfigurationList section */
	};
	rootObject = 76F321911EE8F9C400B6B373 /* Project object */;
}
